
Microsoft Visual Studio Solution File, Format Version 12.00
# Visual Studio 14
VisualStudioVersion = 14.0.25420.1
MinimumVisualStudioVersion = 10.0.40219.1
Project("{FAE04EC0-301F-11D3-BF4B-00C04F79EFBC}") = "HitechCraft.WebApplication", "HitechCraft.WebApplication\HitechCraft.WebApplication.csproj", "{BF81C46A-8121-4514-945F-2344BFB04AFB}"
EndProject
Project("{FAE04EC0-301F-11D3-BF4B-00C04F79EFBC}") = "HitechCraft.DAL", "HitechCraft.DAL\HitechCraft.DAL.csproj", "{61BB4D2B-A80D-4C3C-822E-AD0AA3735873}"
EndProject
Project("{FAE04EC0-301F-11D3-BF4B-00C04F79EFBC}") = "HitechCraft.BL", "HitechCraft.BL\HitechCraft.BL.csproj", "{65B57FDC-C32E-4907-86C2-9489F2643A0F}"
EndProject
Project("{2150E333-8FDC-42A3-9474-1A3956D46DE8}") = "Solution Items", "Solution Items", "{D4D69AD4-3B26-4429-949A-5D4A46BE4072}"
	ProjectSection(SolutionItems) = preProject
		WebEssentials2015-Settings.json = WebEssentials2015-Settings.json
	EndProjectSection
EndProject
Project("{FAE04EC0-301F-11D3-BF4B-00C04F79EFBC}") = "HitechCraft.GameLauncherAPI", "HitechCraft.GameLauncherAPI\HitechCraft.GameLauncherAPI.csproj", "{6FF35C2B-23FF-456E-86B2-ABAD82D57B41}"
EndProject
Project("{FAE04EC0-301F-11D3-BF4B-00C04F79EFBC}") = "HitechCraft.WebAdmin", "HitechCraft.WebAdmin\HitechCraft.WebAdmin.csproj", "{C61DC6FF-09A4-4405-9283-1E1C31DCFF17}"
EndProject
Project("{FAE04EC0-301F-11D3-BF4B-00C04F79EFBC}") = "HitechCraft.Core", "HitechCraft.Core\HitechCraft.Core.csproj", "{BF28E97F-0030-4C65-97B5-D2882EB1C9DE}"
EndProject
Project("{FAE04EC0-301F-11D3-BF4B-00C04F79EFBC}") = "HitechCraft.Ninjector", "HitechCraft.Ninjector\HitechCraft.Ninjector.csproj", "{85D9BB9F-4033-4450-95D6-5EAF3B9EB4EF}"
EndProject
Global
	GlobalSection(SolutionConfigurationPlatforms) = preSolution
		Debug|Any CPU = Debug|Any CPU
		Release|Any CPU = Release|Any CPU
	EndGlobalSection
	GlobalSection(ProjectConfigurationPlatforms) = postSolution
		{BF81C46A-8121-4514-945F-2344BFB04AFB}.Debug|Any CPU.ActiveCfg = Debug|Any CPU
		{BF81C46A-8121-4514-945F-2344BFB04AFB}.Debug|Any CPU.Build.0 = Debug|Any CPU
		{BF81C46A-8121-4514-945F-2344BFB04AFB}.Release|Any CPU.ActiveCfg = Release|Any CPU
		{BF81C46A-8121-4514-945F-2344BFB04AFB}.Release|Any CPU.Build.0 = Release|Any CPU
		{61BB4D2B-A80D-4C3C-822E-AD0AA3735873}.Debug|Any CPU.ActiveCfg = Debug|Any CPU
		{61BB4D2B-A80D-4C3C-822E-AD0AA3735873}.Debug|Any CPU.Build.0 = Debug|Any CPU
		{61BB4D2B-A80D-4C3C-822E-AD0AA3735873}.Release|Any CPU.ActiveCfg = Release|Any CPU
		{61BB4D2B-A80D-4C3C-822E-AD0AA3735873}.Release|Any CPU.Build.0 = Release|Any CPU
		{65B57FDC-C32E-4907-86C2-9489F2643A0F}.Debug|Any CPU.ActiveCfg = Debug|Any CPU
		{65B57FDC-C32E-4907-86C2-9489F2643A0F}.Debug|Any CPU.Build.0 = Debug|Any CPU
		{65B57FDC-C32E-4907-86C2-9489F2643A0F}.Release|Any CPU.ActiveCfg = Release|Any CPU
		{65B57FDC-C32E-4907-86C2-9489F2643A0F}.Release|Any CPU.Build.0 = Release|Any CPU
		{6FF35C2B-23FF-456E-86B2-ABAD82D57B41}.Debug|Any CPU.ActiveCfg = Debug|Any CPU
		{6FF35C2B-23FF-456E-86B2-ABAD82D57B41}.Debug|Any CPU.Build.0 = Debug|Any CPU
		{6FF35C2B-23FF-456E-86B2-ABAD82D57B41}.Release|Any CPU.ActiveCfg = Release|Any CPU
		{6FF35C2B-23FF-456E-86B2-ABAD82D57B41}.Release|Any CPU.Build.0 = Release|Any CPU
		{C61DC6FF-09A4-4405-9283-1E1C31DCFF17}.Debug|Any CPU.ActiveCfg = Debug|Any CPU
		{C61DC6FF-09A4-4405-9283-1E1C31DCFF17}.Debug|Any CPU.Build.0 = Debug|Any CPU
		{C61DC6FF-09A4-4405-9283-1E1C31DCFF17}.Release|Any CPU.ActiveCfg = Release|Any CPU
		{C61DC6FF-09A4-4405-9283-1E1C31DCFF17}.Release|Any CPU.Build.0 = Release|Any CPU
		{BF28E97F-0030-4C65-97B5-D2882EB1C9DE}.Debug|Any CPU.ActiveCfg = Debug|Any CPU
		{BF28E97F-0030-4C65-97B5-D2882EB1C9DE}.Debug|Any CPU.Build.0 = Debug|Any CPU
		{BF28E97F-0030-4C65-97B5-D2882EB1C9DE}.Release|Any CPU.ActiveCfg = Release|Any CPU
		{BF28E97F-0030-4C65-97B5-D2882EB1C9DE}.Release|Any CPU.Build.0 = Release|Any CPU
		{85D9BB9F-4033-4450-95D6-5EAF3B9EB4EF}.Debug|Any CPU.ActiveCfg = Debug|Any CPU
		{85D9BB9F-4033-4450-95D6-5EAF3B9EB4EF}.Debug|Any CPU.Build.0 = Debug|Any CPU
		{85D9BB9F-4033-4450-95D6-5EAF3B9EB4EF}.Release|Any CPU.ActiveCfg = Release|Any CPU
		{85D9BB9F-4033-4450-95D6-5EAF3B9EB4EF}.Release|Any CPU.Build.0 = Release|Any CPU
	EndGlobalSection
	GlobalSection(SolutionProperties) = preSolution
		HideSolutionNode = FALSE
	EndGlobalSection
EndGlobal
